
Microsoft Visual Studio Solution File, Format Version 12.00
# Visual Studio 15
VisualStudioVersion = 15.0.26730.16
MinimumVisualStudioVersion = 10.0.40219.1
Project("{2150E333-8FDC-42A3-9474-1A3956D46DE8}") = "Service", "Service", "{4333AB2A-D97E-4F27-8B38-A16EA61126F2}"
EndProject
Project("{2150E333-8FDC-42A3-9474-1A3956D46DE8}") = "Common", "Common", "{048DAACC-5EEE-426E-BF61-F33D579ADBC8}"
EndProject
Project("{FAE04EC0-301F-11D3-BF4B-00C04F79EFBC}") = "Git.Storage.DataAccess", "Git.Storage.DataAccess\Git.Storage.DataAccess.csproj", "{D6B7BBA4-331E-4497-8525-015A92D9AAC5}"
EndProject
Project("{FAE04EC0-301F-11D3-BF4B-00C04F79EFBC}") = "Git.Storage.IDataAccess", "Git.Storage.IDataAccess\Git.Storage.IDataAccess.csproj", "{23885116-F1AB-4961-936F-03060404547A}"
EndProject
Project("{FAE04EC0-301F-11D3-BF4B-00C04F79EFBC}") = "Git.Storage.Provider", "Git.Storage.Provider\Git.Storage.Provider.csproj", "{28F7A961-3A20-4D73-ADAA-0C9309A61CA6}"
EndProject
Project("{FAE04EC0-301F-11D3-BF4B-00C04F79EFBC}") = "Git.WMS.API", "Git.WMS.API\Git.WMS.API.csproj", "{CF8380DC-F18C-4FB9-9B77-7B1E864794C3}"
EndProject
Project("{FAE04EC0-301F-11D3-BF4B-00C04F79EFBC}") = "Git.Storage.Entity", "Git.Storage.Entity\Git.Storage.Entity.csproj", "{3AAE39F1-5C55-4A3D-9B4C-84EC3D3A1072}"
EndProject
Project("{FAE04EC0-301F-11D3-BF4B-00C04F79EFBC}") = "Git.Storage.Common", "Git.Storage.Common\Git.Storage.Common.csproj", "{FF709B32-2923-4113-979A-0146CDA2299A}"
EndProject
Project("{2150E333-8FDC-42A3-9474-1A3956D46DE8}") = "PC", "PC", "{D83D80BC-10A2-4F7C-AA00-217D1EB2C047}"
EndProject
Project("{FAE04EC0-301F-11D3-BF4B-00C04F79EFBC}") = "Git.WMS.Web", "Git.WMS.Web\Git.WMS.Web.csproj", "{649495AD-DB57-4FB0-809D-1FCD472EC568}"
EndProject
Project("{FAE04EC0-301F-11D3-BF4B-00C04F79EFBC}") = "Git.WMS.Sdk", "Git.WMS.Sdk\Git.WMS.Sdk.csproj", "{32EDBC9C-EFB8-408C-A636-7FE1D747FBC0}"
EndProject
Global
	GlobalSection(SolutionConfigurationPlatforms) = preSolution
		Debug|Any CPU = Debug|Any CPU
		Release|Any CPU = Release|Any CPU
	EndGlobalSection
	GlobalSection(ProjectConfigurationPlatforms) = postSolution
		{D6B7BBA4-331E-4497-8525-015A92D9AAC5}.Debug|Any CPU.ActiveCfg = Debug|Any CPU
		{D6B7BBA4-331E-4497-8525-015A92D9AAC5}.Debug|Any CPU.Build.0 = Debug|Any CPU
		{D6B7BBA4-331E-4497-8525-015A92D9AAC5}.Release|Any CPU.ActiveCfg = Release|Any CPU
		{D6B7BBA4-331E-4497-8525-015A92D9AAC5}.Release|Any CPU.Build.0 = Release|Any CPU
		{23885116-F1AB-4961-936F-03060404547A}.Debug|Any CPU.ActiveCfg = Debug|Any CPU
		{23885116-F1AB-4961-936F-03060404547A}.Debug|Any CPU.Build.0 = Debug|Any CPU
		{23885116-F1AB-4961-936F-03060404547A}.Release|Any CPU.ActiveCfg = Release|Any CPU
		{23885116-F1AB-4961-936F-03060404547A}.Release|Any CPU.Build.0 = Release|Any CPU
		{28F7A961-3A20-4D73-ADAA-0C9309A61CA6}.Debug|Any CPU.ActiveCfg = Debug|Any CPU
		{28F7A961-3A20-4D73-ADAA-0C9309A61CA6}.Debug|Any CPU.Build.0 = Debug|Any CPU
		{28F7A961-3A20-4D73-ADAA-0C9309A61CA6}.Release|Any CPU.ActiveCfg = Release|Any CPU
		{28F7A961-3A20-4D73-ADAA-0C9309A61CA6}.Release|Any CPU.Build.0 = Release|Any CPU
		{CF8380DC-F18C-4FB9-9B77-7B1E864794C3}.Debug|Any CPU.ActiveCfg = Debug|Any CPU
		{CF8380DC-F18C-4FB9-9B77-7B1E864794C3}.Debug|Any CPU.Build.0 = Debug|Any CPU
		{CF8380DC-F18C-4FB9-9B77-7B1E864794C3}.Release|Any CPU.ActiveCfg = Release|Any CPU
		{CF8380DC-F18C-4FB9-9B77-7B1E864794C3}.Release|Any CPU.Build.0 = Release|Any CPU
		{3AAE39F1-5C55-4A3D-9B4C-84EC3D3A1072}.Debug|Any CPU.ActiveCfg = Debug|Any CPU
		{3AAE39F1-5C55-4A3D-9B4C-84EC3D3A1072}.Debug|Any CPU.Build.0 = Debug|Any CPU
		{3AAE39F1-5C55-4A3D-9B4C-84EC3D3A1072}.Release|Any CPU.ActiveCfg = Release|Any CPU
		{3AAE39F1-5C55-4A3D-9B4C-84EC3D3A1072}.Release|Any CPU.Build.0 = Release|Any CPU
		{FF709B32-2923-4113-979A-0146CDA2299A}.Debug|Any CPU.ActiveCfg = Debug|Any CPU
		{FF709B32-2923-4113-979A-0146CDA2299A}.Debug|Any CPU.Build.0 = Debug|Any CPU
		{FF709B32-2923-4113-979A-0146CDA2299A}.Release|Any CPU.ActiveCfg = Release|Any CPU
		{FF709B32-2923-4113-979A-0146CDA2299A}.Release|Any CPU.Build.0 = Release|Any CPU
		{649495AD-DB57-4FB0-809D-1FCD472EC568}.Debug|Any CPU.ActiveCfg = Debug|Any CPU
		{649495AD-DB57-4FB0-809D-1FCD472EC568}.Debug|Any CPU.Build.0 = Debug|Any CPU
		{649495AD-DB57-4FB0-809D-1FCD472EC568}.Release|Any CPU.ActiveCfg = Release|Any CPU
		{649495AD-DB57-4FB0-809D-1FCD472EC568}.Release|Any CPU.Build.0 = Release|Any CPU
		{32EDBC9C-EFB8-408C-A636-7FE1D747FBC0}.Debug|Any CPU.ActiveCfg = Debug|Any CPU
		{32EDBC9C-EFB8-408C-A636-7FE1D747FBC0}.Debug|Any CPU.Build.0 = Debug|Any CPU
		{32EDBC9C-EFB8-408C-A636-7FE1D747FBC0}.Release|Any CPU.ActiveCfg = Release|Any CPU
		{32EDBC9C-EFB8-408C-A636-7FE1D747FBC0}.Release|Any CPU.Build.0 = Release|Any CPU
	EndGlobalSection
	GlobalSection(SolutionProperties) = preSolution
		HideSolutionNode = FALSE
	EndGlobalSection
	GlobalSection(NestedProjects) = preSolution
		{D6B7BBA4-331E-4497-8525-015A92D9AAC5} = {4333AB2A-D97E-4F27-8B38-A16EA61126F2}
		{23885116-F1AB-4961-936F-03060404547A} = {4333AB2A-D97E-4F27-8B38-A16EA61126F2}
		{28F7A961-3A20-4D73-ADAA-0C9309A61CA6} = {4333AB2A-D97E-4F27-8B38-A16EA61126F2}
		{CF8380DC-F18C-4FB9-9B77-7B1E864794C3} = {4333AB2A-D97E-4F27-8B38-A16EA61126F2}
		{3AAE39F1-5C55-4A3D-9B4C-84EC3D3A1072} = {048DAACC-5EEE-426E-BF61-F33D579ADBC8}
		{FF709B32-2923-4113-979A-0146CDA2299A} = {048DAACC-5EEE-426E-BF61-F33D579ADBC8}
		{649495AD-DB57-4FB0-809D-1FCD472EC568} = {D83D80BC-10A2-4F7C-AA00-217D1EB2C047}
		{32EDBC9C-EFB8-408C-A636-7FE1D747FBC0} = {D83D80BC-10A2-4F7C-AA00-217D1EB2C047}
	EndGlobalSection
	GlobalSection(ExtensibilityGlobals) = postSolution
		SolutionGuid = {9A90F716-9A91-40B6-9C53-1C4EAF7D40B6}
	EndGlobalSection
EndGlobal
